
Microsoft Visual Studio Solution File, Format Version 12.00
# Visual Studio Version 16
VisualStudioVersion = 16.0.31005.135
MinimumVisualStudioVersion = 10.0.40219.1
Project("{FAE04EC0-301F-11D3-BF4B-00C04F79EFBC}") = "BookshelfAPI.Web", "BookshelfAPI.Web\BookshelfAPI.Web.csproj", "{FF91113A-93BE-4AF6-8954-4EE24C336FE6}"
EndProject
Project("{FAE04EC0-301F-11D3-BF4B-00C04F79EFBC}") = "BookshelfAPI.Data", "BookshelfAPI.Data\BookshelfAPI.Data.csproj", "{3335675D-5F43-4A76-A6E3-55E3856FE49F}"
EndProject
Project("{FAE04EC0-301F-11D3-BF4B-00C04F79EFBC}") = "BookshelfAPI.Services", "BookshelfAPI.Services\BookshelfAPI.Services.csproj", "{239F8A54-F7E2-4CD5-BA0E-E5B3D49E195F}"
EndProject
Global
	GlobalSection(SolutionConfigurationPlatforms) = preSolution
		Debug|Any CPU = Debug|Any CPU
		Release|Any CPU = Release|Any CPU
	EndGlobalSection
	GlobalSection(ProjectConfigurationPlatforms) = postSolution
		{FF91113A-93BE-4AF6-8954-4EE24C336FE6}.Debug|Any CPU.ActiveCfg = Debug|Any CPU
		{FF91113A-93BE-4AF6-8954-4EE24C336FE6}.Debug|Any CPU.Build.0 = Debug|Any CPU
		{FF91113A-93BE-4AF6-8954-4EE24C336FE6}.Release|Any CPU.ActiveCfg = Release|Any CPU
		{FF91113A-93BE-4AF6-8954-4EE24C336FE6}.Release|Any CPU.Build.0 = Release|Any CPU
		{3335675D-5F43-4A76-A6E3-55E3856FE49F}.Debug|Any CPU.ActiveCfg = Debug|Any CPU
		{3335675D-5F43-4A76-A6E3-55E3856FE49F}.Debug|Any CPU.Build.0 = Debug|Any CPU
		{3335675D-5F43-4A76-A6E3-55E3856FE49F}.Release|Any CPU.ActiveCfg = Release|Any CPU
		{3335675D-5F43-4A76-A6E3-55E3856FE49F}.Release|Any CPU.Build.0 = Release|Any CPU
		{239F8A54-F7E2-4CD5-BA0E-E5B3D49E195F}.Debug|Any CPU.ActiveCfg = Debug|Any CPU
		{239F8A54-F7E2-4CD5-BA0E-E5B3D49E195F}.Debug|Any CPU.Build.0 = Debug|Any CPU
		{239F8A54-F7E2-4CD5-BA0E-E5B3D49E195F}.Release|Any CPU.ActiveCfg = Release|Any CPU
		{239F8A54-F7E2-4CD5-BA0E-E5B3D49E195F}.Release|Any CPU.Build.0 = Release|Any CPU
	EndGlobalSection
	GlobalSection(SolutionProperties) = preSolution
		HideSolutionNode = FALSE
	EndGlobalSection
	GlobalSection(ExtensibilityGlobals) = postSolution
		SolutionGuid = {08E05C7A-D862-457E-8D58-244908D26143}
	EndGlobalSection
EndGlobal
